<?xml version="1.0" encoding="utf-8"?>
<Project ToolsVersion="4.0" xmlns="http://schemas.microsoft.com/developer/msbuild/2003">
  <ItemGroup>
    <Filter Include="Fichiers sources">
      <UniqueIdentifier>{4FC737F1-C7A5-4376-A066-2A32D752A2FF}</UniqueIdentifier>
      <Extensions>cpp;c;cc;cxx;c++;cppm;ixx;def;odl;idl;hpj;bat;asm;asmx</Extensions>
    </Filter>
    <Filter Include="Fichiers d%27en-tête">
      <UniqueIdentifier>{93995380-89BD-4b04-88EB-625FBE52EBFB}</UniqueIdentifier>
      <Extensions>h;hh;hpp;hxx;h++;hm;inl;inc;ipp;xsd</Extensions>
    </Filter>
    <Filter Include="Fichiers de ressources">
      <UniqueIdentifier>{67DA6AB6-F800-4c08-8B7A-83BB121AAD01}</UniqueIdentifier>
      <Extensions>rc;ico;cur;bmp;dlg;rc2;rct;bin;rgs;gif;jpg;jpeg;jpe;resx;tiff;tif;png;wav;mfcribbon-ms</Extensions>
    </Filter>
    <Filter Include="ManipulateData">
      <UniqueIdentifier>{bbf81335-4129-4e70-b599-900d4f687365}</UniqueIdentifier>
    </Filter>
    <Filter Include="ClassMoviesSeries">
      <UniqueIdentifier>{52d70e2d-8b24-43d3-be49-358bc5eabe8c}</UniqueIdentifier>
    </Filter>
    <Filter Include="interface">
      <UniqueIdentifier>{1720924b-c382-4961-8d73-0e158d28c997}</UniqueIdentifier>
    </Filter>
    <Filter Include="Discover">
      <UniqueIdentifier>{ab381155-dec8-4d35-870d-2725664460c1}</UniqueIdentifier>
    </Filter>
    <Filter Include="Calendar">
      <UniqueIdentifier>{cea7affc-d147-4d23-89a6-53ed98a82dc0}</UniqueIdentifier>
    </Filter>
    <Filter Include="WatchLater">
      <UniqueIdentifier>{13e9e489-2979-4559-9b90-96bb334a55d7}</UniqueIdentifier>
    </Filter>
    <Filter Include="My_Library">
      <UniqueIdentifier>{059cc649-5b03-48de-b04e-0196dc80fef5}</UniqueIdentifier>
    </Filter>
  </ItemGroup>
  <ItemGroup>
    <ClCompile Include="dist\jsoncpp.cpp">
      <Filter>Fichiers sources</Filter>
    </ClCompile>
    <ClCompile Include="Mani.cpp">
      <Filter>ManipulateData</Filter>
    </ClCompile>
    <ClCompile Include="DashBoard.cpp">
      <Filter>interface</Filter>
    </ClCompile>
    <ClCompile Include="MyForm.cpp">
      <Filter>interface</Filter>
    </ClCompile>
    <ClCompile Include="PosterImage.cpp">
      <Filter>Fichiers sources</Filter>
    </ClCompile>
    <ClCompile Include="DiscoverUser.cpp">
      <Filter>Discover</Filter>
    </ClCompile>
    <ClCompile Include="Serie.cpp">
      <Filter>Fichiers sources</Filter>
    </ClCompile>
    <ClCompile Include="Movie.cpp">
      <Filter>Fichiers sources</Filter>
    </ClCompile>
    <ClCompile Include="DataBaseOperations.cpp">
      <Filter>Fichiers sources</Filter>
    </ClCompile>
    <ClCompile Include="Calendar_uc.cpp">
      <Filter>Calendar</Filter>
    </ClCompile>
    <ClCompile Include="DaysUserControl.cpp">
      <Filter>Calendar</Filter>
    </ClCompile>
    <ClCompile Include="BlankUserControl.cpp">
      <Filter>Calendar</Filter>
    </ClCompile>
    <ClCompile Include="WatchForm.cpp">
      <Filter>WatchLater</Filter>
    </ClCompile>
    <ClCompile Include="PosterPlanning.cpp">
      <Filter>Fichiers sources</Filter>
    </ClCompile>
    <ClCompile Include="ComboVal.cpp">
      <Filter>Fichiers sources</Filter>
    </ClCompile>
    <ClCompile Include="DataBaseConnection.cpp">
      <Filter>Fichiers sources</Filter>
    </ClCompile>
    <ClCompile Include="Library.cpp">
      <Filter>My_Library</Filter>
    </ClCompile>
    <ClCompile Include="ViewMovie.cpp">
      <Filter>My_Library</Filter>
    </ClCompile>
  </ItemGroup>
  <ItemGroup>
    <ClInclude Include="MyForm.h">
      <Filter>Fichiers d%27en-tête</Filter>
    </ClInclude>
    <ClInclude Include="dist\json\json.h">
      <Filter>Fichiers d%27en-tête</Filter>
    </ClInclude>
    <ClInclude Include="dist\json\json-forwards.h">
      <Filter>Fichiers d%27en-tête</Filter>
    </ClInclude>
    <ClInclude Include="resource.h">
      <Filter>Fichiers d%27en-tête</Filter>
    </ClInclude>
    <ClInclude Include="DiscoverUser.h">
      <Filter>Fichiers d%27en-tête</Filter>
    </ClInclude>
    <ClInclude Include="DashBoard.h">
      <Filter>Fichiers d%27en-tête</Filter>
    </ClInclude>
    <ClInclude Include="Mani.h">
      <Filter>ManipulateData</Filter>
    </ClInclude>
    <ClInclude Include="PosterImage.h">
      <Filter>Fichiers d%27en-tête</Filter>
    </ClInclude>
    <ClInclude Include="Calendar_uc.h">
      <Filter>Calendar</Filter>
    </ClInclude>
    <ClInclude Include="DaysUserControl.h">
      <Filter>Calendar</Filter>
    </ClInclude>
    <ClInclude Include="BlankUserControl.h">
      <Filter>Calendar</Filter>
    </ClInclude>
    <ClInclude Include="WatchForm.h">
      <Filter>WatchLater</Filter>
    </ClInclude>
    <ClInclude Include="PosterPlanning.h">
      <Filter>Fichiers d%27en-tête</Filter>
    </ClInclude>
    <ClInclude Include="ComboVal.h">
      <Filter>Fichiers d%27en-tête</Filter>
    </ClInclude>
    <ClInclude Include="Library.h">
      <Filter>My_Library</Filter>
    </ClInclude>
    <ClInclude Include="ViewMovie.h">
      <Filter>My_Library</Filter>
    </ClInclude>
    <ClInclude Include="Movie.h">
      <Filter>My_Library</Filter>
    </ClInclude>
    <ClInclude Include="Serie.h">
      <Filter>My_Library</Filter>
    </ClInclude>
    <ClInclude Include="DataBaseConnection.h">
      <Filter>My_Library</Filter>
    </ClInclude>
    <ClInclude Include="DataBaseOperations.h">
      <Filter>My_Library</Filter>
    </ClInclude>
  </ItemGroup>
  <ItemGroup>
    <ResourceCompile Include="Resource.rc">
      <Filter>Fichiers de ressources</Filter>
    </ResourceCompile>
  </ItemGroup>
  <ItemGroup>
    <EmbeddedResource Include="Ressource.resx">
      <Filter>Fichiers de ressources</Filter>
    </EmbeddedResource>
  </ItemGroup>
</Project>