<?xml version="1.0" encoding="utf-8"?>
<Project ToolsVersion="4.0" xmlns="http://schemas.microsoft.com/developer/msbuild/2003">
  <ItemGroup>
    <Filter Include="Fichiers sources">
      <UniqueIdentifier>{4FC737F1-C7A5-4376-A066-2A32D752A2FF}</UniqueIdentifier>
      <Extensions>cpp;c;cc;cxx;c++;cppm;ixx;def;odl;idl;hpj;bat;asm;asmx</Extensions>
    </Filter>
    <Filter Include="Fichiers d%27en-tête">
      <UniqueIdentifier>{93995380-89BD-4b04-88EB-625FBE52EBFB}</UniqueIdentifier>
      <Extensions>h;hh;hpp;hxx;h++;hm;inl;inc;ipp;xsd</Extensions>
    </Filter>
    <Filter Include="Fichiers de ressources">
      <UniqueIdentifier>{67DA6AB6-F800-4c08-8B7A-83BB121AAD01}</UniqueIdentifier>
      <Extensions>rc;ico;cur;bmp;dlg;rc2;rct;bin;rgs;gif;jpg;jpeg;jpe;resx;tiff;tif;png;wav;mfcribbon-ms</Extensions>
    </Filter>
    <Filter Include="My_Library">
      <UniqueIdentifier>{f2a48a4c-687d-4e12-8ca1-98709b840c6f}</UniqueIdentifier>
    </Filter>
    <Filter Include="My_Library\Class">
      <UniqueIdentifier>{e98909a8-7670-4fdd-984f-db0bfbe38e86}</UniqueIdentifier>
    </Filter>
    <Filter Include="Main_UserControl">
      <UniqueIdentifier>{98c54d2a-43f3-4599-b85c-c124b3e5b69e}</UniqueIdentifier>
    </Filter>
    <Filter Include="My_Library\icons">
      <UniqueIdentifier>{ea2dd633-c786-4eaf-b7aa-fb5cb9bb1aec}</UniqueIdentifier>
    </Filter>
  </ItemGroup>
  <ItemGroup>
    <ClCompile Include="MyForm.cpp">
      <Filter>Fichiers sources</Filter>
    </ClCompile>
    <ClCompile Include="dist\jsoncpp.cpp">
      <Filter>Fichiers sources</Filter>
    </ClCompile>
    <ClCompile Include="MyLibrary.cpp">
      <Filter>My_Library</Filter>
    </ClCompile>
    <ClCompile Include="Movie_UC.cpp">
      <Filter>My_Library</Filter>
    </ClCompile>
    <ClCompile Include="ClassData.cpp">
      <Filter>My_Library\Class</Filter>
    </ClCompile>
    <ClCompile Include="MyUserControl.cpp">
      <Filter>Fichiers d%27en-tête</Filter>
    </ClCompile>
    <ClCompile Include="Display.cpp">
      <Filter>Main_UserControl</Filter>
    </ClCompile>
    <ClCompile Include="MainClass.cpp">
      <Filter>My_Library\Class</Filter>
    </ClCompile>
    <ClCompile Include="DataBase.cpp">
      <Filter>My_Library\Class</Filter>
    </ClCompile>
  </ItemGroup>
  <ItemGroup>
    <ClInclude Include="MyForm.h">
      <Filter>Fichiers d%27en-tête</Filter>
    </ClInclude>
    <ClInclude Include="dist\json\json.h">
      <Filter>Fichiers d%27en-tête</Filter>
    </ClInclude>
    <ClInclude Include="dist\json\json-forwards.h">
      <Filter>Fichiers d%27en-tête</Filter>
    </ClInclude>
    <ClInclude Include="resource.h">
      <Filter>Fichiers d%27en-tête</Filter>
    </ClInclude>
    <ClInclude Include="MyLibrary.h">
      <Filter>My_Library</Filter>
    </ClInclude>
    <ClInclude Include="Movie_UC.h">
      <Filter>My_Library</Filter>
    </ClInclude>
    <ClInclude Include="ClassData.h">
      <Filter>My_Library\Class</Filter>
    </ClInclude>
    <ClInclude Include="MyUserControl.h">
      <Filter>Fichiers d%27en-tête</Filter>
    </ClInclude>
    <ClInclude Include="Display.h">
      <Filter>Main_UserControl</Filter>
    </ClInclude>
    <ClInclude Include="MainClass.h">
      <Filter>My_Library\Class</Filter>
    </ClInclude>
    <ClInclude Include="DataBase.h">
      <Filter>My_Library\Class</Filter>
    </ClInclude>
  </ItemGroup>
</Project>